// !$*UTF8*$!
{
	archiveVersion = 1;
	classes = {
	};
	objectVersion = 51;
	objects = {

/* Begin PBXBuildFile section */
		55429D7324B72CD4009333BF /* GoogleService-Info.plist in Resources */ = {isa = PBXBuildFile; fileRef = 55429D7224B72CD4009333BF /* GoogleService-Info.plist */; };
		55429D7624B7316A009333BF /* TaskRepository.swift in Sources */ = {isa = PBXBuildFile; fileRef = 55429D7524B7316A009333BF /* TaskRepository.swift */; };
		55B74BCA24B6FACB0073927C /* AppDelegate.swift in Sources */ = {isa = PBXBuildFile; fileRef = 55B74BC924B6FACB0073927C /* AppDelegate.swift */; };
		55B74BCC24B6FACB0073927C /* SceneDelegate.swift in Sources */ = {isa = PBXBuildFile; fileRef = 55B74BCB24B6FACB0073927C /* SceneDelegate.swift */; };
		55B74BCE24B6FACB0073927C /* TaskListView.swift in Sources */ = {isa = PBXBuildFile; fileRef = 55B74BCD24B6FACB0073927C /* TaskListView.swift */; };
		55B74BD024B6FACF0073927C /* Assets.xcassets in Resources */ = {isa = PBXBuildFile; fileRef = 55B74BCF24B6FACF0073927C /* Assets.xcassets */; };
		55B74BD324B6FACF0073927C /* Preview Assets.xcassets in Resources */ = {isa = PBXBuildFile; fileRef = 55B74BD224B6FACF0073927C /* Preview Assets.xcassets */; };
		55B74BD624B6FACF0073927C /* LaunchScreen.storyboard in Resources */ = {isa = PBXBuildFile; fileRef = 55B74BD424B6FACF0073927C /* LaunchScreen.storyboard */; };
		55B74BDF24B6FB140073927C /* Task.swift in Sources */ = {isa = PBXBuildFile; fileRef = 55B74BDE24B6FB140073927C /* Task.swift */; };
		55B74BE424B70FF00073927C /* TaskCellViewModel.swift in Sources */ = {isa = PBXBuildFile; fileRef = 55B74BE324B70FF00073927C /* TaskCellViewModel.swift */; };
		55B74BE824B7180F0073927C /* TaskListViewModel.swift in Sources */ = {isa = PBXBuildFile; fileRef = 55B74BE724B7180F0073927C /* TaskListViewModel.swift */; };
		A669C6C5641B8243C9211536 /* Pods_todo_Firebase.framework in Frameworks */ = {isa = PBXBuildFile; fileRef = 426B7C8255F8EDA04B64624E /* Pods_todo_Firebase.framework */; };
/* End PBXBuildFile section */

/* Begin PBXFileReference section */
		307149B06AD6C4D2E6F2DFEF /* Pods-todo-Firebase.debug.xcconfig */ = {isa = PBXFileReference; includeInIndex = 1; lastKnownFileType = text.xcconfig; name = "Pods-todo-Firebase.debug.xcconfig"; path = "Target Support Files/Pods-todo-Firebase/Pods-todo-Firebase.debug.xcconfig"; sourceTree = "<group>"; };
		426B7C8255F8EDA04B64624E /* Pods_todo_Firebase.framework */ = {isa = PBXFileReference; explicitFileType = wrapper.framework; includeInIndex = 0; path = Pods_todo_Firebase.framework; sourceTree = BUILT_PRODUCTS_DIR; };
		4A37558D2BE68B3101FFC13F /* Pods-todo-Firebase.release.xcconfig */ = {isa = PBXFileReference; includeInIndex = 1; lastKnownFileType = text.xcconfig; name = "Pods-todo-Firebase.release.xcconfig"; path = "Target Support Files/Pods-todo-Firebase/Pods-todo-Firebase.release.xcconfig"; sourceTree = "<group>"; };
		55429D7224B72CD4009333BF /* GoogleService-Info.plist */ = {isa = PBXFileReference; fileEncoding = 4; lastKnownFileType = text.plist.xml; path = "GoogleService-Info.plist"; sourceTree = "<group>"; };
		55429D7524B7316A009333BF /* TaskRepository.swift */ = {isa = PBXFileReference; lastKnownFileType = sourcecode.swift; path = TaskRepository.swift; sourceTree = "<group>"; };
		55B74BC624B6FACB0073927C /* todo-Firebase.app */ = {isa = PBXFileReference; explicitFileType = wrapper.application; includeInIndex = 0; path = "todo-Firebase.app"; sourceTree = BUILT_PRODUCTS_DIR; };
		55B74BC924B6FACB0073927C /* AppDelegate.swift */ = {isa = PBXFileReference; lastKnownFileType = sourcecode.swift; path = AppDelegate.swift; sourceTree = "<group>"; };
		55B74BCB24B6FACB0073927C /* SceneDelegate.swift */ = {isa = PBXFileReference; lastKnownFileType = sourcecode.swift; path = SceneDelegate.swift; sourceTree = "<group>"; };
		55B74BCD24B6FACB0073927C /* TaskListView.swift */ = {isa = PBXFileReference; lastKnownFileType = sourcecode.swift; path = TaskListView.swift; sourceTree = "<group>"; };
		55B74BCF24B6FACF0073927C /* Assets.xcassets */ = {isa = PBXFileReference; lastKnownFileType = folder.assetcatalog; path = Assets.xcassets; sourceTree = "<group>"; };
		55B74BD224B6FACF0073927C /* Preview Assets.xcassets */ = {isa = PBXFileReference; lastKnownFileType = folder.assetcatalog; path = "Preview Assets.xcassets"; sourceTree = "<group>"; };
		55B74BD524B6FACF0073927C /* Base */ = {isa = PBXFileReference; lastKnownFileType = file.storyboard; name = Base; path = Base.lproj/LaunchScreen.storyboard; sourceTree = "<group>"; };
		55B74BD724B6FACF0073927C /* Info.plist */ = {isa = PBXFileReference; lastKnownFileType = text.plist.xml; path = Info.plist; sourceTree = "<group>"; };
		55B74BDE24B6FB140073927C /* Task.swift */ = {isa = PBXFileReference; lastKnownFileType = sourcecode.swift; path = Task.swift; sourceTree = "<group>"; };
		55B74BE324B70FF00073927C /* TaskCellViewModel.swift */ = {isa = PBXFileReference; lastKnownFileType = sourcecode.swift; path = TaskCellViewModel.swift; sourceTree = "<group>"; };
		55B74BE724B7180F0073927C /* TaskListViewModel.swift */ = {isa = PBXFileReference; lastKnownFileType = sourcecode.swift; path = TaskListViewModel.swift; sourceTree = "<group>"; };
/* End PBXFileReference section */

/* Begin PBXFrameworksBuildPhase section */
		55B74BC324B6FACB0073927C /* Frameworks */ = {
			isa = PBXFrameworksBuildPhase;
			buildActionMask = 2147483647;
			files = (
				A669C6C5641B8243C9211536 /* Pods_todo_Firebase.framework in Frameworks */,
			);
			runOnlyForDeploymentPostprocessing = 0;
		};
/* End PBXFrameworksBuildPhase section */

/* Begin PBXGroup section */
		31A441815AFD1CAF9B8B0526 /* Pods */ = {
			isa = PBXGroup;
			children = (
				307149B06AD6C4D2E6F2DFEF /* Pods-todo-Firebase.debug.xcconfig */,
				4A37558D2BE68B3101FFC13F /* Pods-todo-Firebase.release.xcconfig */,
			);
			path = Pods;
			sourceTree = "<group>";
		};
		499A1AABE25F619C613E5CFF /* Frameworks */ = {
			isa = PBXGroup;
			children = (
				426B7C8255F8EDA04B64624E /* Pods_todo_Firebase.framework */,
			);
			name = Frameworks;
			sourceTree = "<group>";
		};
		55429D7424B73148009333BF /* Repositories */ = {
			isa = PBXGroup;
			children = (
				55429D7524B7316A009333BF /* TaskRepository.swift */,
			);
			path = Repositories;
			sourceTree = "<group>";
		};
		55B74BBD24B6FACB0073927C = {
			isa = PBXGroup;
			children = (
				55B74BC824B6FACB0073927C /* todo-Firebase */,
				55B74BC724B6FACB0073927C /* Products */,
				31A441815AFD1CAF9B8B0526 /* Pods */,
				499A1AABE25F619C613E5CFF /* Frameworks */,
			);
			sourceTree = "<group>";
		};
		55B74BC724B6FACB0073927C /* Products */ = {
			isa = PBXGroup;
			children = (
				55B74BC624B6FACB0073927C /* todo-Firebase.app */,
			);
			name = Products;
			sourceTree = "<group>";
		};
		55B74BC824B6FACB0073927C /* todo-Firebase */ = {
			isa = PBXGroup;
			children = (
				55B74BE024B6FBA00073927C /* App */,
				55429D7424B73148009333BF /* Repositories */,
				55B74BE224B70FD10073927C /* ViewModels */,
				55B74BDD24B6FAF50073927C /* Model */,
				55B74BE124B6FBA60073927C /* Views */,
				55B74BCF24B6FACF0073927C /* Assets.xcassets */,
				55B74BD424B6FACF0073927C /* LaunchScreen.storyboard */,
				55429D7224B72CD4009333BF /* GoogleService-Info.plist */,
				55B74BD724B6FACF0073927C /* Info.plist */,
				55B74BD124B6FACF0073927C /* Preview Content */,
			);
			path = "todo-Firebase";
			sourceTree = "<group>";
		};
		55B74BD124B6FACF0073927C /* Preview Content */ = {
			isa = PBXGroup;
			children = (
				55B74BD224B6FACF0073927C /* Preview Assets.xcassets */,
			);
			path = "Preview Content";
			sourceTree = "<group>";
		};
		55B74BDD24B6FAF50073927C /* Model */ = {
			isa = PBXGroup;
			children = (
				55B74BDE24B6FB140073927C /* Task.swift */,
			);
			path = Model;
			sourceTree = "<group>";
		};
		55B74BE024B6FBA00073927C /* App */ = {
			isa = PBXGroup;
			children = (
				55B74BC924B6FACB0073927C /* AppDelegate.swift */,
				55B74BCB24B6FACB0073927C /* SceneDelegate.swift */,
			);
			path = App;
			sourceTree = "<group>";
		};
		55B74BE124B6FBA60073927C /* Views */ = {
			isa = PBXGroup;
			children = (
				55B74BCD24B6FACB0073927C /* TaskListView.swift */,
			);
			path = Views;
			sourceTree = "<group>";
		};
		55B74BE224B70FD10073927C /* ViewModels */ = {
			isa = PBXGroup;
			children = (
				55B74BE324B70FF00073927C /* TaskCellViewModel.swift */,
				55B74BE724B7180F0073927C /* TaskListViewModel.swift */,
			);
			path = ViewModels;
			sourceTree = "<group>";
		};
/* End PBXGroup section */

/* Begin PBXNativeTarget section */
		55B74BC524B6FACB0073927C /* todo-Firebase */ = {
			isa = PBXNativeTarget;
			buildConfigurationList = 55B74BDA24B6FACF0073927C /* Build configuration list for PBXNativeTarget "todo-Firebase" */;
			buildPhases = (
				4C3ED56D9A8B371692B6F422 /* [CP] Check Pods Manifest.lock */,
				55B74BC224B6FACB0073927C /* Sources */,
				55B74BC324B6FACB0073927C /* Frameworks */,
				55B74BC424B6FACB0073927C /* Resources */,
				BE905EB795EB4258A243D41E /* [CP] Embed Pods Frameworks */,
			);
			buildRules = (
			);
			dependencies = (
			);
			name = "todo-Firebase";
			productName = "todo-Firebase";
			productReference = 55B74BC624B6FACB0073927C /* todo-Firebase.app */;
			productType = "com.apple.product-type.application";
		};
/* End PBXNativeTarget section */

/* Begin PBXProject section */
		55B74BBE24B6FACB0073927C /* Project object */ = {
			isa = PBXProject;
			attributes = {
				LastSwiftUpdateCheck = 1150;
				LastUpgradeCheck = 1150;
				ORGANIZATIONNAME = "alex-babich";
				TargetAttributes = {
					55B74BC524B6FACB0073927C = {
						CreatedOnToolsVersion = 11.5;
					};
				};
			};
			buildConfigurationList = 55B74BC124B6FACB0073927C /* Build configuration list for PBXProject "todo-Firebase" */;
			compatibilityVersion = "Xcode 9.3";
			developmentRegion = en;
			hasScannedForEncodings = 0;
			knownRegions = (
				en,
				Base,
			);
			mainGroup = 55B74BBD24B6FACB0073927C;
			productRefGroup = 55B74BC724B6FACB0073927C /* Products */;
			projectDirPath = "";
			projectRoot = "";
			targets = (
				55B74BC524B6FACB0073927C /* todo-Firebase */,
			);
		};
/* End PBXProject section */

/* Begin PBXResourcesBuildPhase section */
		55B74BC424B6FACB0073927C /* Resources */ = {
			isa = PBXResourcesBuildPhase;
			buildActionMask = 2147483647;
			files = (
				55B74BD624B6FACF0073927C /* LaunchScreen.storyboard in Resources */,
				55429D7324B72CD4009333BF /* GoogleService-Info.plist in Resources */,
				55B74BD324B6FACF0073927C /* Preview Assets.xcassets in Resources */,
				55B74BD024B6FACF0073927C /* Assets.xcassets in Resources */,
			);
			runOnlyForDeploymentPostprocessing = 0;
		};
/* End PBXResourcesBuildPhase section */

/* Begin PBXShellScriptBuildPhase section */
		4C3ED56D9A8B371692B6F422 /* [CP] Check Pods Manifest.lock */ = {
			isa = PBXShellScriptBuildPhase;
			buildActionMask = 2147483647;
			files = (
			);
			inputFileListPaths = (
			);
			inputPaths = (
				"${PODS_PODFILE_DIR_PATH}/Podfile.lock",
				"${PODS_ROOT}/Manifest.lock",
			);
			name = "[CP] Check Pods Manifest.lock";
			outputFileListPaths = (
			);
			outputPaths = (
				"$(DERIVED_FILE_DIR)/Pods-todo-Firebase-checkManifestLockResult.txt",
			);
			runOnlyForDeploymentPostprocessing = 0;
			shellPath = /bin/sh;
			shellScript = "diff \"${PODS_PODFILE_DIR_PATH}/Podfile.lock\" \"${PODS_ROOT}/Manifest.lock\" > /dev/null\nif [ $? != 0 ] ; then\n    # print error to STDERR\n    echo \"error: The sandbox is not in sync with the Podfile.lock. Run 'pod install' or update your CocoaPods installation.\" >&2\n    exit 1\nfi\n# This output is used by Xcode 'outputs' to avoid re-running this script phase.\necho \"SUCCESS\" > \"${SCRIPT_OUTPUT_FILE_0}\"\n";
			showEnvVarsInLog = 0;
		};
		BE905EB795EB4258A243D41E /* [CP] Embed Pods Frameworks */ = {
			isa = PBXShellScriptBuildPhase;
			buildActionMask = 2147483647;
			files = (
			);
			inputFileListPaths = (
				"${PODS_ROOT}/Target Support Files/Pods-todo-Firebase/Pods-todo-Firebase-frameworks-${CONFIGURATION}-input-files.xcfilelist",
			);
			name = "[CP] Embed Pods Frameworks";
			outputFileListPaths = (
				"${PODS_ROOT}/Target Support Files/Pods-todo-Firebase/Pods-todo-Firebase-frameworks-${CONFIGURATION}-output-files.xcfilelist",
			);
			runOnlyForDeploymentPostprocessing = 0;
			shellPath = /bin/sh;
			shellScript = "\"${PODS_ROOT}/Target Support Files/Pods-todo-Firebase/Pods-todo-Firebase-frameworks.sh\"\n";
			showEnvVarsInLog = 0;
		};
/* End PBXShellScriptBuildPhase section */

/* Begin PBXSourcesBuildPhase section */
		55B74BC224B6FACB0073927C /* Sources */ = {
			isa = PBXSourcesBuildPhase;
			buildActionMask = 2147483647;
			files = (
				55B74BE824B7180F0073927C /* TaskListViewModel.swift in Sources */,
				55B74BDF24B6FB140073927C /* Task.swift in Sources */,
				55B74BCA24B6FACB0073927C /* AppDelegate.swift in Sources */,
				55B74BCC24B6FACB0073927C /* SceneDelegate.swift in Sources */,
				55B74BCE24B6FACB0073927C /* TaskListView.swift in Sources */,
				55B74BE424B70FF00073927C /* TaskCellViewModel.swift in Sources */,
				55429D7624B7316A009333BF /* TaskRepository.swift in Sources */,
			);
			runOnlyForDeploymentPostprocessing = 0;
		};
/* End PBXSourcesBuildPhase section */

/* Begin PBXVariantGroup section */
		55B74BD424B6FACF0073927C /* LaunchScreen.storyboard */ = {
			isa = PBXVariantGroup;
			children = (
				55B74BD524B6FACF0073927C /* Base */,
			);
			name = LaunchScreen.storyboard;
			sourceTree = "<group>";
		};
/* End PBXVariantGroup section */

/* Begin XCBuildConfiguration section */
		55B74BD824B6FACF0073927C /* Debug */ = {
			isa = XCBuildConfiguration;
			buildSettings = {
				ALWAYS_SEARCH_USER_PATHS = NO;
				CLANG_ANALYZER_NONNULL = YES;
				CLANG_ANALYZER_NUMBER_OBJECT_CONVERSION = YES_AGGRESSIVE;
				CLANG_CXX_LANGUAGE_STANDARD = "gnu++14";
				CLANG_CXX_LIBRARY = "libc++";
				CLANG_ENABLE_MODULES = YES;
				CLANG_ENABLE_OBJC_ARC = YES;
				CLANG_ENABLE_OBJC_WEAK = YES;
				CLANG_WARN_BLOCK_CAPTURE_AUTORELEASING = YES;
				CLANG_WARN_BOOL_CONVERSION = YES;
				CLANG_WARN_COMMA = YES;
				CLANG_WARN_CONSTANT_CONVERSION = YES;
				CLANG_WARN_DEPRECATED_OBJC_IMPLEMENTATIONS = YES;
				CLANG_WARN_DIRECT_OBJC_ISA_USAGE = YES_ERROR;
				CLANG_WARN_DOCUMENTATION_COMMENTS = YES;
				CLANG_WARN_EMPTY_BODY = YES;
				CLANG_WARN_ENUM_CONVERSION = YES;
				CLANG_WARN_INFINITE_RECURSION = YES;
				CLANG_WARN_INT_CONVERSION = YES;
				CLANG_WARN_NON_LITERAL_NULL_CONVERSION = YES;
				CLANG_WARN_OBJC_IMPLICIT_RETAIN_SELF = YES;
				CLANG_WARN_OBJC_LITERAL_CONVERSION = YES;
				CLANG_WARN_OBJC_ROOT_CLASS = YES_ERROR;
				CLANG_WARN_RANGE_LOOP_ANALYSIS = YES;
				CLANG_WARN_STRICT_PROTOTYPES = YES;
				CLANG_WARN_SUSPICIOUS_MOVE = YES;
				CLANG_WARN_UNGUARDED_AVAILABILITY = YES_AGGRESSIVE;
				CLANG_WARN_UNREACHABLE_CODE = YES;
				CLANG_WARN__DUPLICATE_METHOD_MATCH = YES;
				COPY_PHASE_STRIP = NO;
				DEBUG_INFORMATION_FORMAT = dwarf;
				ENABLE_STRICT_OBJC_MSGSEND = YES;
				ENABLE_TESTABILITY = YES;
				GCC_C_LANGUAGE_STANDARD = gnu11;
				GCC_DYNAMIC_NO_PIC = NO;
				GCC_NO_COMMON_BLOCKS = YES;
				GCC_OPTIMIZATION_LEVEL = 0;
				GCC_PREPROCESSOR_DEFINITIONS = (
					"DEBUG=1",
					"$(inherited)",
				);
				GCC_WARN_64_TO_32_BIT_CONVERSION = YES;
				GCC_WARN_ABOUT_RETURN_TYPE = YES_ERROR;
				GCC_WARN_UNDECLARED_SELECTOR = YES;
				GCC_WARN_UNINITIALIZED_AUTOS = YES_AGGRESSIVE;
				GCC_WARN_UNUSED_FUNCTION = YES;
				GCC_WARN_UNUSED_VARIABLE = YES;
				IPHONEOS_DEPLOYMENT_TARGET = 13.5;
				MTL_ENABLE_DEBUG_INFO = INCLUDE_SOURCE;
				MTL_FAST_MATH = YES;
				ONLY_ACTIVE_ARCH = YES;
				SDKROOT = iphoneos;
				SWIFT_ACTIVE_COMPILATION_CONDITIONS = DEBUG;
				SWIFT_OPTIMIZATION_LEVEL = "-Onone";
			};
			name = Debug;
		};
		55B74BD924B6FACF0073927C /* Release */ = {
			isa = XCBuildConfiguration;
			buildSettings = {
				ALWAYS_SEARCH_USER_PATHS = NO;
				CLANG_ANALYZER_NONNULL = YES;
				CLANG_ANALYZER_NUMBER_OBJECT_CONVERSION = YES_AGGRESSIVE;
				CLANG_CXX_LANGUAGE_STANDARD = "gnu++14";
				CLANG_CXX_LIBRARY = "libc++";
				CLANG_ENABLE_MODULES = YES;
				CLANG_ENABLE_OBJC_ARC = YES;
				CLANG_ENABLE_OBJC_WEAK = YES;
				CLANG_WARN_BLOCK_CAPTURE_AUTORELEASING = YES;
				CLANG_WARN_BOOL_CONVERSION = YES;
				CLANG_WARN_COMMA = YES;
				CLANG_WARN_CONSTANT_CONVERSION = YES;
				CLANG_WARN_DEPRECATED_OBJC_IMPLEMENTATIONS = YES;
				CLANG_WARN_DIRECT_OBJC_ISA_USAGE = YES_ERROR;
				CLANG_WARN_DOCUMENTATION_COMMENTS = YES;
				CLANG_WARN_EMPTY_BODY = YES;
				CLANG_WARN_ENUM_CONVERSION = YES;
				CLANG_WARN_INFINITE_RECURSION = YES;
				CLANG_WARN_INT_CONVERSION = YES;
				CLANG_WARN_NON_LITERAL_NULL_CONVERSION = YES;
				CLANG_WARN_OBJC_IMPLICIT_RETAIN_SELF = YES;
				CLANG_WARN_OBJC_LITERAL_CONVERSION = YES;
				CLANG_WARN_OBJC_ROOT_CLASS = YES_ERROR;
				CLANG_WARN_RANGE_LOOP_ANALYSIS = YES;
				CLANG_WARN_STRICT_PROTOTYPES = YES;
				CLANG_WARN_SUSPICIOUS_MOVE = YES;
				CLANG_WARN_UNGUARDED_AVAILABILITY = YES_AGGRESSIVE;
				CLANG_WARN_UNREACHABLE_CODE = YES;
				CLANG_WARN__DUPLICATE_METHOD_MATCH = YES;
				COPY_PHASE_STRIP = NO;
				DEBUG_INFORMATION_FORMAT = "dwarf-with-dsym";
				ENABLE_NS_ASSERTIONS = NO;
				ENABLE_STRICT_OBJC_MSGSEND = YES;
				GCC_C_LANGUAGE_STANDARD = gnu11;
				GCC_NO_COMMON_BLOCKS = YES;
				GCC_WARN_64_TO_32_BIT_CONVERSION = YES;
				GCC_WARN_ABOUT_RETURN_TYPE = YES_ERROR;
				GCC_WARN_UNDECLARED_SELECTOR = YES;
				GCC_WARN_UNINITIALIZED_AUTOS = YES_AGGRESSIVE;
				GCC_WARN_UNUSED_FUNCTION = YES;
				GCC_WARN_UNUSED_VARIABLE = YES;
				IPHONEOS_DEPLOYMENT_TARGET = 13.5;
				MTL_ENABLE_DEBUG_INFO = NO;
				MTL_FAST_MATH = YES;
				SDKROOT = iphoneos;
				SWIFT_COMPILATION_MODE = wholemodule;
				SWIFT_OPTIMIZATION_LEVEL = "-O";
				VALIDATE_PRODUCT = YES;
			};
			name = Release;
		};
		55B74BDB24B6FACF0073927C /* Debug */ = {
			isa = XCBuildConfiguration;
			baseConfigurationReference = 307149B06AD6C4D2E6F2DFEF /* Pods-todo-Firebase.debug.xcconfig */;
			buildSettings = {
				ASSETCATALOG_COMPILER_APPICON_NAME = AppIcon;
				CODE_SIGN_STYLE = Automatic;
				DEVELOPMENT_ASSET_PATHS = "\"todo-Firebase/Preview Content\"";
				DEVELOPMENT_TEAM = TA2UAPFU92;
				ENABLE_PREVIEWS = YES;
				INFOPLIST_FILE = "todo-Firebase/Info.plist";
				LD_RUNPATH_SEARCH_PATHS = (
					"$(inherited)",
					"@executable_path/Frameworks",
				);
				PRODUCT_BUNDLE_IDENTIFIER = "homemade.todo-Firebase";
				PRODUCT_NAME = "$(TARGET_NAME)";
				SWIFT_VERSION = 5.0;
				TARGETED_DEVICE_FAMILY = "1,2";
			};
			name = Debug;
		};
		55B74BDC24B6FACF0073927C /* Release */ = {
			isa = XCBuildConfiguration;
			baseConfigurationReference = 4A37558D2BE68B3101FFC13F /* Pods-todo-Firebase.release.xcconfig */;
			buildSettings = {
				ASSETCATALOG_COMPILER_APPICON_NAME = AppIcon;
				CODE_SIGN_STYLE = Automatic;
				DEVELOPMENT_ASSET_PATHS = "\"todo-Firebase/Preview Content\"";
				DEVELOPMENT_TEAM = TA2UAPFU92;
				ENABLE_PREVIEWS = YES;
				INFOPLIST_FILE = "todo-Firebase/Info.plist";
				LD_RUNPATH_SEARCH_PATHS = (
					"$(inherited)",
					"@executable_path/Frameworks",
				);
				PRODUCT_BUNDLE_IDENTIFIER = "homemade.todo-Firebase";
				PRODUCT_NAME = "$(TARGET_NAME)";
				SWIFT_VERSION = 5.0;
				TARGETED_DEVICE_FAMILY = "1,2";
			};
			name = Release;
		};
/* End XCBuildConfiguration section */

/* Begin XCConfigurationList section */
		55B74BC124B6FACB0073927C /* Build configuration list for PBXProject "todo-Firebase" */ = {
			isa = XCConfigurationList;
			buildConfigurations = (
				55B74BD824B6FACF0073927C /* Debug */,
				55B74BD924B6FACF0073927C /* Release */,
			);
			defaultConfigurationIsVisible = 0;
			defaultConfigurationName = Release;
		};
		55B74BDA24B6FACF0073927C /* Build configuration list for PBXNativeTarget "todo-Firebase" */ = {
			isa = XCConfigurationList;
			buildConfigurations = (
				55B74BDB24B6FACF0073927C /* Debug */,
				55B74BDC24B6FACF0073927C /* Release */,
			);
			defaultConfigurationIsVisible = 0;
			defaultConfigurationName = Release;
		};
/* End XCConfigurationList section */
	};
	rootObject = 55B74BBE24B6FACB0073927C /* Project object */;
}
